d3e55ebec458b86d0a823f34eb64307f742177f7dad1ce0e706c78cac9c2effb  packages/core/package.json
f8afc27920ea111b9e78e50901e4c99e610c82843b6f7e9ff2ce42165f3d5162  packages/core/src/address/address.spec.yaml
91b7d6513a98fd389bae10a9b0d247858693d80515ea27a6cd9cceec54b81ba1  packages/core/src/address/address.ts
a6be23e817e3fa00863b6b9bb479679c26b38fc3d9d93c4e09a78ee7408a7117  packages/core/src/address/index.ts
8c2b50175f995eea339a1326457aabef3b8819fb5b8e935215b327a99037d2cd  packages/core/src/bip39/index.ts
9968477e2e5188f1ae66bf6daaccc0d3740ea8ecca46815b0f5e26577d9a7fab  packages/core/src/bip39/mnemonic.spec.yaml
682afade28ac531a8032b9ddcc93340875a0417de2c36fbb24310dfee1d752cf  packages/core/src/bip39/mnemonic.ts
8f551d4babe2cfc5d27ce2422e331e53d984684caef3dffcf3d271c9be047da5  packages/core/src/bip39/wordlist.spec.yaml
6b224b0b48c58a3c7060efa9ab8cf6c51e24a70b60fadc96cf04ad53de08d99a  packages/core/src/bip39/wordlist.ts
6268287e4b7c50f3485ad23d4d0ae07100a42f8affa885efe6a2155dc893f520  packages/core/src/bip85/bip85.spec.yaml
30c667c6466604ea436de45436ce3df6e914f9f4bb9dacd6acc389effcd959c9  packages/core/src/bip85/derive.ts
f7f9ebb2f5164ccc6701898c88ca172eae462294edc9371e834c107b302305d7  packages/core/src/bip85/index.ts
859c3fd5a3b9ceae70051cfa0c1e150a360cef25b49b109cc3381803b8ed6ce3  packages/core/src/derive/derive.spec.yaml
6ac1480bb9efd2272b46dc296598ab74da7dff9ad4a7422635079266d73a2eaa  packages/core/src/derive/hd.ts
b5271d2bc7fca3249d2eb770c550b4e06fa3382cf8b4976a392a985218143326  packages/core/src/derive/index.ts
20a095766074a68c7a26bccec40d02a647c237570193ae0058b10c515a6b0e64  packages/core/src/derive/path.ts
17f68c47d42ccde6dd03cff2b63f829a90027d412b2e0ed6f07ce28a18106ce2  packages/core/src/descriptor/assemble.spec.yaml
18d1124ffea40681ab14f34f171cc2192bc6df817e34ceab08e5a61f24115ad1  packages/core/src/descriptor/assemble.ts
5da2da18bf348bfe5060c65eec95a03165aadcbe282a3c862fb968c616097d77  packages/core/src/descriptor/checksum.spec.yaml
ff886cca06a6f212078840f7acb63442e083524d8c8faea61a80f3c4c557feef  packages/core/src/descriptor/checksum.ts
2584d5ceb91de5ee2ff1f5f52099508d56a6aed01caacb0e5add7fff57b7cb4d  packages/core/src/descriptor/coordinator.spec.yaml
a10e77b528eba412096f9b99f3503530c2e7aed8b4c393151509bc95c1a922ce  packages/core/src/descriptor/coordinator.ts
39431db1cdd75822b67d3663b53432b875949bfc493329d620b5736cb7e666bc  packages/core/src/descriptor/derive-key.ts
1461704c1e74c604e63affa0b555dfc3d04edbe772239b3df5eeeab25c27dace  packages/core/src/descriptor/index.ts
9a533c6966eae5b16186bc2ccd386e7f1fb70dae7da2018979f40e36dad1c0f1  packages/core/src/descriptor/multisig.spec.yaml
2027ebaf51f78a37680f71f2526d8e57b4ee076a2fbb60b0b0881fb6906c0a3a  packages/core/src/descriptor/multisig.ts
5c850bed0e7af0564b98897985fc70bf617c008699300a85771fb3b3334f87bc  packages/core/src/descriptor/parse.spec.yaml
f8bb33a66785663c36143e5b9129154c59cb071900b4b882e523786b542ab3d8  packages/core/src/descriptor/parse.ts
3af08cbb0abc3ec8c9c450a707b5795ca58c3a95203df80e1b64ab8846edf7ec  packages/core/src/descriptor/quorum-addresses.spec.yaml
c533338dc952720c95169a11efb4104ecbd22fb93914ed3dbf29155b71fec6bc  packages/core/src/descriptor/quorum-addresses.ts
c0e41720b057144d12d18a0d2e1cfc284e3de74e728f7b3f41413b68f9c7ceff  packages/core/src/descriptor/taproot.spec.yaml
04a9c4907c17ff6f701c310d47a144f301990817bb4234b6b92caae89a417eb5  packages/core/src/descriptor/taproot.ts
588e3e609f875d792f4e430fd182bf05e07f19e0c5974e197fdb3be0571d79b5  packages/core/src/entropy/combine.spec.yaml
3d23a192a08849a96ddcdf52a33b0819b043757e816dec0bade52109cb3ab238  packages/core/src/entropy/combine.ts
d93c7d735456e20d74310d023623b6633fec3244d2a0d46baedf918aa6e43cfa  packages/core/src/entropy/dice.spec.yaml
4e310f2fe0462d144cb05a23f6cd93285c9d75b4c47ca14bf141537b8781ff94  packages/core/src/entropy/dice.ts
d893d628e07881f3aa50b020d631c383c940e12694a1678f148a73983673fd34  packages/core/src/entropy/index.ts
e33d2b1a92dc2431544c8065b3bbc5443041a272c53d8004516e2e00ec862320  packages/core/src/index.ts
7edf5b1bd87e2be5f746b6c5278058cf920260c348068c2591c6708233a45500  packages/core/src/labels/bip329.ts
01b7a64afb8d27f05932dc199bc29dc45ccba790c9c2cccdde12f21437ac3ab1  packages/core/src/labels/index.ts
8d009f2262c019b30502765c4e2d8febc0ecdd6620b729bdbebc1965c0dde02f  packages/core/src/labels/labels.spec.yaml
0ce82f20ca69d79c0f94b7dde4b84fbe7e1e22c0d7dfbc6c660c4a42eb995b44  packages/core/src/message/armor.ts
7db95d9c6cc7a228339bab5cfe3a3c487499e8066e8dcff05a8b39b7807aa07d  packages/core/src/message/bip322.ts
5f414c0da82adf62e92f542baa941ac391dc7b89cfa04acac024bf8cc8abf129  packages/core/src/message/index.ts
f90fd6cbd07ec5638bc56eebd530c7fdb8de52faccfadcd9647a33ea0bb1b0e0  packages/core/src/message/legacy.ts
1292a8bfa6f33e5b36ca8251805d1343ef6bfdc2f9f5d523aeb615437ede8cae  packages/core/src/message/message.spec.yaml
a6e77813b54258ea86b5c7528897f5c78c82185d93664e97ba0467f76c1832c9  packages/core/src/message/sign.ts
c3bef82a1ac1efa7d4adc5fb1cda6942417ab8f224606778ef8b7a71093eb365  packages/core/src/message/verify.ts
7ef4c7c0653e764b26552c90e83495ad58993a440465dc85ac47eff174262fc6  packages/core/src/network/index.ts
c382ec86673cfbd25a35c3f33bc9a477d9d5272ee591f6f704eeaf87cf6581be  packages/core/src/network/networks.spec.yaml
9bb3814c285568f9667226026f9f51edd6878f63c5dc399e4a00ad90f9177819  packages/core/src/network/networks.ts
f4517f2446bab96d0a16e82d88cf38cb3af31675f4bf58c60ae46340929382a8  packages/core/src/psbt/attribution.ts
125af2a9dfc4a6fb782e5a9678cb6343b144c1b897461a1c6bd2b30915ed8bef  packages/core/src/psbt/index.ts
f5726b17a0001d72b88c7053ff5ee5b4ba43854c2cdb622ea5683824cdb03b20  packages/core/src/psbt/parse.spec.yaml
df8c96b5b9975ac8769805bfe581e045ad792368621949210da713593d26e7fe  packages/core/src/psbt/parse.ts
1a87249131760211119af89450ebe621ebab4cf31463b61cd28aeda4be5c0b44  packages/core/src/psbt/quorum.spec.yaml
7be7c2595966f2f28b28f07afc788430152c6df4baa341bcc92ccb21cecbc31f  packages/core/src/psbt/quorum.ts
1dfe03762f67b4913b93f29458c5a15d5d648edae12dc9e88f40984991f4a348  packages/core/src/psbt/review.spec.yaml
749e179766b1bf3f8a11e48fe53cb9b86a36e5e3150e5270fe58e6b30a889e16  packages/core/src/psbt/review.ts
48df80343061eda8a1c23500ca4305b90a1af274aa30144457e3b1bd47d2f22c  packages/core/src/psbt/sign.spec.yaml
8645a6c5fc826b91e29cfb853a68f5d8d32dd034e9c442cb7dd477bf56700dbb  packages/core/src/psbt/sign.ts
b60e91cac08b5f1df4f6b2a40255d91a71caf2b3c6d6efc041698476d4b20748  packages/core/src/qr/bbqr.spec.yaml
ef9563804a2dfddff0ac0c530173858ee93a3b251f17a67a41e28719795cf7b2  packages/core/src/qr/bbqr.ts
c8d92a6f09b42ff20055726c13d656ee1451096b1ebe84e48b0ddc00cf48e82e  packages/core/src/qr/encode.spec.yaml
5e410456d646b7fe19f3a23849603ba2a70150332d7bc4e0b47cb2637b9f7a70  packages/core/src/qr/encode.ts
c7eab9f22063b75d5e59a09838c9814f29b44a047f005731e68701c564b21fdb  packages/core/src/qr/index.ts
6c6778cbca5915df128f510d882590ecfc13f1a3af64b6d414b2df85b10c447f  packages/core/src/qr/tables.ts
3829234c0fb869203dbeda660187e60f44f81097bab43af5d0b9fbbaa8bc3cb4  packages/core/src/util/secret.spec.yaml
09d9f807714749ca3b5af4dcf0098ffe7b232f3b7f9924e9253fc5ddf31b64fc  packages/core/src/util/secret.ts
8953daa514ba439af1cdbca436d480a1ae4d07aec35088621477cbdaee912b66  packages/core/test/bip39.wordlist.test.ts
c06621b7edd00fdf62de357c77ab54ee2c3ad27de08e22cb770f22df5bccd01e  packages/core/test/bip85.test.ts
6f29a99121f49fdefb8240fc2485791f1d111757d7dc6aea10ea8ff1594faea5  packages/core/test/derive.path.test.ts
9347457cf8e469266bc75be5dd0d5e6cc9755b191a9070ac5c82d93a0a0727d4  packages/core/test/descriptor.assemble.test.ts
2bf4e90b80e9901d49cd7e9c312975c6a5ddd65bb3817c7ffa74d65e6d45388b  packages/core/test/descriptor.checksum.test.ts
3b7f5c7373b0b990b932b3e5741727c59088e5b38d85326c99d5d37a25d7e72a  packages/core/test/descriptor.coordinator.test.ts
da2bb581c30c7d3ec000bccea0e18024a902eaa8889517f0fb1af4d24dafb752  packages/core/test/descriptor.multisig.test.ts
ae6f8df6b8d5e895c91fa7ba014a47745cece7b3e73428d2e937dccbd7e249c8  packages/core/test/descriptor.parse.test.ts
7e0eaf458fe2d95bd56ee911946c4899abf2e2785111f822a0c5be5eb43d898b  packages/core/test/descriptor.quorum-addresses.test.ts
b2edbb8a3c617b50db21d9d28ded4519127fe3451894e9bce366e0fddcaffe94  packages/core/test/descriptor.taproot.test.ts
adb106d21077729b36d15bf9e22ae76a34447056c1e7af3f1a3ea5be42fc1c43  packages/core/test/differential.test.ts
0461673f9c1f91e55e04fbe1ce793125ef8ce3184c55d48ca2619e372d0e3f2b  packages/core/test/entropy.combine.test.ts
ac0ba1fb29516027633f1d32617fac86bd2bca1477f899037c9fe7935ba816b2  packages/core/test/entropy.dice.test.ts
2c2dabc04f3e0f33182e2d26bc2a5e7506f866591af3ea40d11a95fdb8da73a3  packages/core/test/labels.test.ts
544acdef4ae6673c4c1109784d037cfd8fe0c2dfeacdfff2e1231ba7a93da664  packages/core/test/message.armor.test.ts
1bc7c5bf93ac5017fdbb415ee435b04f2892529ad92976ff07b89fcd4d7183b9  packages/core/test/message.legacy.test.ts
9095d3999075bbbcdf5915f3ffade6df8327d372a579f4fb33b0969264e30322  packages/core/test/message.sign.test.ts
59f67feecaa8f21323f80c6ff9ae31e2668dc9b4135da41b57ae67a6b9e1c626  packages/core/test/message.test.ts
697d53ced40c4d7514590d3e50f86f0945519a44128ba3c15bd8c0644ca19644  packages/core/test/message.verify.test.ts
07a64909b607ba08bd662cccf1fa43ba1307c7fbfe4de7746d4a95644c99c3c6  packages/core/test/network.test.ts
25009220c7710920ff446e26d19c1205cf87f502d2971eb74e19a3ccebe31550  packages/core/test/psbt.attribution.multi.test.ts
143ead1f38d37ef4944c9021159bba3f3c1fabf54fa70ee1872c2b349a134812  packages/core/test/psbt.attribution.test.ts
cae92a24b33d65457d0b5861dbecc14290f8dfbe348197451bf1d68a727d5047  packages/core/test/psbt.parse.test.ts
ddddf23b852094b430593a4f352497573d68e89a53664746f08152494aeaa358  packages/core/test/psbt.quorum.test.ts
c529acbdb37f368b704b9440f69a6269273841069702381e89d55a12d8b33084  packages/core/test/psbt.review.test.ts
d61fcf2d545468f4ce8952ece62dfba29becc3bb2f8597044a2721a18e46b820  packages/core/test/psbt.sign.taproot.test.ts
dae70fe80b84d64bce5e4b81f58b045ec322071f4c953f45a8479a81e7b9ac03  packages/core/test/psbt.sign.test.ts
188173f74a52818deccef03c87c0514641464d55dd1bfb183914d6b74a40d74f  packages/core/test/qr.bbqr.test.ts
1e0759a12046b856eea449498e85d02bba3d6f30d23fab1b171cf43a3b93da9c  packages/core/test/qr.encode.test.ts
3dbf7cdf1541fe355967be0c36b0f5ebe910bfbeef5d5e6217165a2a8f7f5ca1  packages/core/test/util.secret.test.ts
98fb7fc73aa1f9071917c6ba12096f38fc84d715af3687e4688309d5ccf10efe  packages/core/test/vectors.address.test.ts
cc6717ebe8383a626461de57ac777c544c0316a533f362b3ee51c0f52ea81f89  packages/core/test/vectors.bip32.test.ts
12cd727e864f01e17158e6ceccf9c5349ac15f6052a60c303e7b9c41dd1b805c  packages/core/test/vectors.bip39.test.ts
aca71288e1eab2cc44424d837b91ff5704412990d1cf7f4214a4ff7fd0a17ac5  packages/core/tsconfig.build.json
2cfbb840e62f0ebf4a79734ea15928704d657d8f580223798576e67ba9a54212  packages/core/tsconfig.json
eea53b655b222872815093e7e6caa14c043ef725e53b2dfebf50f93c749a1fbf  packages/daemon/package.json
ec8ccdb0bc960fc635e69246a1a14cf8ebe4009b5fb928858ef34388b428486e  packages/daemon/src/boot/attestation.ts
054879f87b4a10a82233acf76c52cd8fbde0fda8199d6c59e0bc2f1fc22f54e3  packages/daemon/src/daemon.spec.yaml
aae5ef789ae09f0fbdb3cc52976223b64cf97e56cea3254fe568a320bed8c33b  packages/daemon/src/entropy/health.spec.yaml
6a1898e5f0704d39dac1e801e3a33a930c81b4be8b72b0f74d544a41a8ef7378  packages/daemon/src/entropy/health.ts
4eb1b651f241606b72fa0ba8ac1d2513ca86d5ae7bd072b048b84ad8b7948983  packages/daemon/src/entropy/modes.spec.yaml
21ef42706d105222fcffac3d57c5c421313faba581da218917171cc91ce44d08  packages/daemon/src/ephemeral.spec.yaml
d31721f6d738e2b014602a74400b1e8f25eb0776065a7e7f52b9e5925f71baea  packages/daemon/src/handler.ts
84d7f0ffdb85634d9b4e2394dd88088852f9bd7027104cd9569365584efea380  packages/daemon/src/idle.spec.yaml
e0ad7347349ee0e70d2f50345a1d709bd7294ebefc30a1a12f689e80cfe54007  packages/daemon/src/idle.ts
ac551e9863a8993cfe4b97295ef009a7ad8974dad48ec073161a08397af98dd5  packages/daemon/src/index.ts
7e447323eb4f0ec1b8afd47979e209b52190329a606ac93d43fbd0a7004e9684  packages/daemon/src/ipc/socket.ts
96b63298b15cc7981e12feeca84be40d4d1369e61116834928ab2d0349c6502b  packages/daemon/src/main.ts
72e05130a2b2c09aacb2183c2336eeab42571b89d464401c63800ed176bdd589  packages/daemon/src/multisig.spec.yaml
458d563e3df424454591d611cb9ad28b4b76be8dcfbb1dcc20012bfb3958bf55  packages/daemon/src/multisig.ts
4abfbd1f88a396ed8e572465ab6dcd8d7fcd0762db1f7f1f66af66a5cb791025  packages/daemon/src/psbt.spec.yaml
a019b3b498afec873386056e3ef959d535b587dbc747cc25d38f0fca1ae530af  packages/daemon/src/psbt.ts
751e6b0884ca4923ef1f7fc95d4d86ed8ae7a8d5d43ea9bdefda0b89e52ef79d  packages/daemon/src/session.spec.yaml
b7b6234c3e03fad740377de5c55c1dc499a4aa7e6dd7a5c382a3374e97a79b9d  packages/daemon/src/session.ts
f5b8d8ac1412c0e79c2901db3e1a416949463d481a320826b15a07350762b10e  packages/daemon/src/store/backup.spec.yaml
0593978d90b3d1f7b05fcf2a9e1a84d62c5bd84820b12ee469e3164a7cee52ec  packages/daemon/src/store/backup.ts
a50fbf5897035f067ab97e68016d44672051a9a3b39876dc0aa3ca014520f468  packages/daemon/src/store/envelope.ts
4b4ff26b90bca9443aa6317d44abb93579c8eadc88dd1694075959a86762820b  packages/daemon/src/store/identity.spec.yaml
857f84466d6eba8cfae35139a199d9710549333291188c9ad79bcd6290748f24  packages/daemon/src/store/identity.ts
c7103c2851f1ca3aea635dc06fbc01180bc57f22fc238ad8e234c05683976c49  packages/daemon/src/store/registry.spec.yaml
2a7411e0a337dc6c2bc18c8ee86c459e84eb29925a7c704bead396681a2d2306  packages/daemon/src/store/registry.ts
c485b563ee12554752e880d343f6116f1535da17a4224592538f2c918f617218  packages/daemon/src/store/store.spec.yaml
a8e28366b601b0223c140886dc3b521479b6547fb754ca6e3c4cc489545ebdb4  packages/daemon/src/store/store.ts
cd9a00ce61cc6088e1a4c9193711198001e2e8970699ce5d2aa3a791b3886fc7  packages/daemon/test/backup.test.ts
255de537f2f7b636a026dcc5992792a304b76b2ad450683b4a58771737157a6c  packages/daemon/test/cosigner-labels.ipc.test.ts
ce8eacd2f9e934fb7916f2b60c3f7bf75f65f0e1eb611da575a062dda6c185a4  packages/daemon/test/entropy-health.test.ts
b01fddc15c6ae5721e0505b64b3a4079d14302312a47159e440588347bc30100  packages/daemon/test/entropy-modes.ipc.test.ts
dd43f89cc34c54a285790927aef7a7eefe611b5df832927baad18309327e8146  packages/daemon/test/ephemeral.test.ts
1965d4f053ae4861c4e865e48791a241cad0980c28eeac29ea1118a8973a6231  packages/daemon/test/identity.test.ts
9643c4725df4a86baa207c588a0d676c67b75da915ad59142f742819e59704db  packages/daemon/test/idle.test.ts
3c365cf1686bfdbbf06aad452643f4c88fde6f22de7493653da61152116fcf5d  packages/daemon/test/ipc.test.ts
a80200ba43a3a9ec3906401ae5751b3faaf426660ea22b69683d88cda825bf7e  packages/daemon/test/multisig.test.ts
a8048d8758d75955e6694839882cff8d500477f74f4a5b7f9ffafbb27929f492  packages/daemon/test/passphrase-change.ipc.test.ts
3c0285cd0578f221905b556b2b40571045d3565a633de06ff151f0aabeb3c6b2  packages/daemon/test/phase4.ipc.test.ts
48b93db5d16a136faf8c89b6930e7eb948446ef084d91a7b04651a9e245218d3  packages/daemon/test/provisioning.identifiers.test.ts
f975f1a07925f7990a95e9cb20961385a9660dca09d615042d439614cb2b6b5f  packages/daemon/test/provisioning.image.test.ts
26025c2a02bc9434f98efa44ca3178b4313ea7d58d763e0fa34044ed28ebc954  packages/daemon/test/psbt.test.ts
4a0ed824abbe3861c5e0db7b22523e9c9c32491ae9371a06ec5ca37dadbba203  packages/daemon/test/registration-derivable.test.ts
a4f1131477ea8f26e8c21658aefaf81d24bc4db35d2d2503e5b466b9e3a5b4a1  packages/daemon/test/registry.test.ts
e80579e84f8e9a64575beb94ff64bd3da355f0cbd1fa8faf06e429c0842f5efc  packages/daemon/test/store.test.ts
477f3ea4e15f13669d4bba36fbdb440b32dae98292fd1295949120ce89e338cd  packages/daemon/test/wallets.ipc.test.ts
d5496938d969ec1e2094c731273fdeff3b5c10761ab73d396de32b6b60622bd0  packages/daemon/tsconfig.build.json
2cfbb840e62f0ebf4a79734ea15928704d657d8f580223798576e67ba9a54212  packages/daemon/tsconfig.json
b9a067562f400a485589abd73a878ef5deedd4d85637238f704424e25f4de323  packages/ui/index.html
f2bcf73d5aca57fa12849722efd510a74afbb2b34b140bed00814090503686df  packages/ui/package.json
b3000ceaf5a3691459f177fe41f91cbef93520c4b9123096a4537fc8b8f7819e  packages/ui/src/App.tsx
2aa699a83ab3e2ad34cc79cb5b736a3f341883a2a790fb93c95d8c7603743cf2  packages/ui/src/components/Button.tsx
0dd7a7ff1cc30403e87e66f9ba67185d4ebd5d13892a2ac5933526f22b3c5b25  packages/ui/src/components/Choice.tsx
7e41f86e4563fd5925b21cfb944791709e2f891606e65ba1d5ca5aef55470d2a  packages/ui/src/components/Hash.tsx
ec95814ada11c5e046818a23c4f6adc25cdcbe7e6e2d9854fe3e963275a55dc8  packages/ui/src/components/Identity.tsx
bbed4086c759c77379c73b1f48cad57ee856e20cdc491c3244b20661412b936c  packages/ui/src/components/IdleBanner.tsx
a26792b457a0e4601191d09c7b85904a2fa5d832533c363f0b46c1f7caa11dd8  packages/ui/src/components/NavMenu.tsx
b0fb50ca6251fd2a9c722c8519f56632c1616d914bcd31526ce0691b43bc1505  packages/ui/src/components/NetworkBanner.tsx
42b4844c24ec0c0a5cd2ee158082578d39774784da41907fd8ed18b080c9b11b  packages/ui/src/components/QrDisplay.tsx
4c9b4882bb46b1ff20dd755210836d70d951d54c6765c3c6d47c9479f49a9feb  packages/ui/src/components/Screen.tsx
6615e98bda82080129545cc5edb025fc26959c2815f0b1aaff8c4cae0fc56941  packages/ui/src/components/Steps.tsx
c327f830148d3b15c987fe233f8308edaa4594da41973f675416e6ac43c81a89  packages/ui/src/components/TextKeyboard.tsx
6566bb04ded4ad7268bd1d53bbcc2e62c145159564b7f781ef9dbcd0fa854acc  packages/ui/src/components/WordKeyboard.tsx
79d80cd91ac98b9326ca5a199fa5b6f464d954e9620890580356daec2bfb238b  packages/ui/src/index.ts
d9e10f33d3847117ae26bb002ad27a2d54f396c521647b81889ab877024a42e3  packages/ui/src/journeys.ts
14848a2761528d2e22bf709cb692a17a0ae4fa2c32ebf60c8af46a9878056de6  packages/ui/src/lib/client.ts
234dd51f9b0ef976add1ec7b3eefaa96b0e29963b88be5d02cd9f44f9d811f2d  packages/ui/src/lib/idle.ts
c0236334c36f43e9a52a509821ba733bf2da43c50d077e710337432ab1936eb9  packages/ui/src/lib/scanner.ts
427040384aab9295461a6e708b43fab322d6b7fa25bd2c5945bbbf0a7e8ce804  packages/ui/src/lib/tier.ts
87140c3ba5c8f6004be0fa5a8a59b64fcee7bb787141450e0348a8f0beb1035c  packages/ui/src/lib/transport.ts
417cf4f2c5dbb5c143f171f9a7f612a035773fffcd0d02fdaf8dcee33a7a3692  packages/ui/src/main.tsx
72e5e5d4c60ac0eead0dce18e1ba86207393eaa2719c64f329023aac3c050a8a  packages/ui/src/screens/AssembleQuorumScreen.tsx
e6e3683ab0bcfd014f20571c23248430c1726c61aa47ebdb29508f687d04f084  packages/ui/src/screens/AttestationScreen.tsx
de75d4292fd147af790e9d4da47571e855594d6d6031a418345fd0ff5557d9f4  packages/ui/src/screens/BackupScreen.tsx
e0c81a2cadc4110562664f9d6f56b992b1fd46065253960f0daa596692451460  packages/ui/src/screens/ChildSeedScreen.tsx
fdd196a4892c2d58deec92b7e71ad5eff51959646383334c58c869b940348594  packages/ui/src/screens/DeviceNameScreen.tsx
e25ecc84a36b4748def7f860e3cbc24b4e7d008dfa753dab241964435dd7cee6  packages/ui/src/screens/DiceScreen.tsx
74b32da2b46c4e76499c9de2bf565e9053a75553ba496bc41bcb7301d053e469  packages/ui/src/screens/FinishScreen.tsx
7f155e5509f6addcd2321f6bb95bc003e735caf8c92ed4c79925c19d13299cf4  packages/ui/src/screens/FleetScreen.tsx
7808a33d23c9be34763f9ad43b03657248ac502b9f2928b35994c1f5d571be95  packages/ui/src/screens/ImportScreen.tsx
056e33e785f35cc6edd8f42f77da94d3ef08fc24ffb0d465a8b758a5bf58ddb1  packages/ui/src/screens/LabelsScreen.tsx
b55a76c80a5956734bbc07fae6a9cedfec3551130070c2bb1fc14bb9ed9702ed  packages/ui/src/screens/LockScreen.tsx
0002e6c0ce70886d583eb53d505ca22b522e5f1a2bf94e25917fdf7399c353b5  packages/ui/src/screens/MachineEntropyScreen.tsx
ad5fd370386fbd025cff6be482dd3a11b867bf4944aba68dc80a3093c01d8206  packages/ui/src/screens/ManageWalletScreen.tsx
0563705b5f752a0aab52a3e045b28f09fd9eff6e4364cf59db9994318fed3e66  packages/ui/src/screens/MessageScreen.tsx
475b757eac72389392eb1fe225dacfa28ea6fc5c2dbaeed40def0f5c559365a7  packages/ui/src/screens/MoreScreen.tsx
ca427750f270e615a47774e5da3a32a849c8f9ccf9553f08178840a2d1a287ed  packages/ui/src/screens/MultisigScreen.tsx
e0991e031b5593742518cf23d66068f4e24ca3fb89442bfba47d7dbe33bb3b97  packages/ui/src/screens/PassphraseScreen.tsx
f7e41d0a247f92a65997dbdbcd861225be6f632bb5d5fe63333153019dba207a  packages/ui/src/screens/PsbtScreen.tsx
26ec05c2357ee97652f4456b8077b35e23f16221af47ae429d47782e2656aa76  packages/ui/src/screens/QuorumAddressesScreen.tsx
65dff07956eb3dd001228611713c83fd91ff7491475a8356d22af0f15e389c15  packages/ui/src/screens/ReceiveScreen.tsx
a5912044341fe2816c69f9d35ccfba169f0a09e16bf5f3995e7a7c320256582e  packages/ui/src/screens/ScanScreen.tsx
6c6a8f8bafc41f914047c7e58e7f2489e3934ff04cae8e238c3a0413efea72c1  packages/ui/src/screens/SeedScreen.tsx
7c1f84ba2c1bfe70563aca596c423ac90dc5e072fd83356661378739c2897105  packages/ui/src/screens/SetupScreen.tsx
682f99d2f8499128cf4d817f68b68a89c7da500681c7d415b38549fa1fd70575  packages/ui/src/screens/StartScreen.tsx
0da665c5ad0c861d38d26a08792a9f501e98800afdcd264b8d30632bd12e90ea  packages/ui/src/screens/UnlockedScreen.tsx
58763033d3b6c5ba6629124d6f46281a8b5861e0387ef448ab077cffa413b976  packages/ui/src/screens/VerifyMessageScreen.tsx
2c9457718a335de21d92c06ce9faf7add57be178c25b95a2c5cbd5f5975e24e0  packages/ui/src/screens/WalletScreen.tsx
c0e88a89a02b4f427358af0e539f0faac64977dfae560d500edc91a1b2860351  packages/ui/src/screens/WalletsScreen.tsx
59e879ac6d08b0d2175d3142f97aae60ac2acf813d5eb119f863c10dc6eb319a  packages/ui/src/styles.css
89743f73c12573aba080e2355acb4b9e80242e5ac45be2afd56b980b8e5a2e23  packages/ui/src/ui.spec.yaml
97ae49d649fe5993e69685f6f0d7f7449a0a999a61d6597f9a7ab46971932cdc  packages/ui/src/vite-env.d.ts
13029a6dd9bb809c5bf9e4c769ded69d6b67967b70cecd0d8afabf6bd1446796  packages/ui/test/app.test.tsx
b63e1bad0c0ee7ed326483793a945224341ee54a6fdcb228ff761ca83594e117  packages/ui/test/assemble-quorum-screen.test.tsx
5988cbbb701489c3db4f948fae1c134972d8715d3f88c9a8d200bbccbe9f2ed0  packages/ui/test/attestation-screen.test.tsx
4ac18eb06887955d80cac43cbf566c77f846c6861ed1b8d452f93e9aed56d2e6  packages/ui/test/backup-screen.test.tsx
56f72b1486ad61cc6ede669160aa30e1a4acd8565f6791cb582c8142037cec82  packages/ui/test/child-seed-screen.test.tsx
68308169c93ab025a868f93d6715eb9ee047180de7f51c11670c29211f394af1  packages/ui/test/device-name-screen.test.tsx
d39a69f6d70a40edc26085594ee2b5b3c51b8ce456e7d1f66b2aab475262b801  packages/ui/test/dice-screen.test.tsx
3fd735d11d165de3ba3d4b386bdcb9aef28f85f8b6353c401f19134ea47bf1de  packages/ui/test/finish-screen.test.tsx
48ec7edba6fd89fa27813b107d02d095c9c8f4b7626f5ec08cd316db0f027330  packages/ui/test/fleet-screen.test.tsx
84cb258a1884e39c0ddac2c3d4215f11ed1305db45324e10032c7d9b08ec424a  packages/ui/test/hash.test.tsx
6aff262d575313f7b0751ff028857f00f6aa99e505e93faa369b015bc8753610  packages/ui/test/idle-banner.test.tsx
8d73a47ff8820957f503a6e2173a1d98eca1f53f680cc4e245312feeadf05724  packages/ui/test/idle-lock.test.tsx
837a77ceb89fa756a156743e77eebf4c2f9824d1a120ac100d3a00c14403c9a2  packages/ui/test/keyboard.test.tsx
b4ebe2936f4f1f5d17ac9f7cbf7f74d9c1f86f6492650ff8f3e5047c72221454  packages/ui/test/labels-screen.test.tsx
587b919c74e2dfcdaf306a297e1b16d8001850eb8e8b0cd7e045c7cea4815c3b  packages/ui/test/lock-screen.test.tsx
335615b8ae13cb10cdf74edbf1a2a90811e4d8366773a9c3247bfb8994a373d5  packages/ui/test/machine-entropy-screen.test.tsx
a10ac38aabbac84d6349cbff7505c104569b6129acf8f7bdc9f9b423e4892692  packages/ui/test/manage-passphrase.test.tsx
a9a7e14088c1b02f2be5d10dd0b574e6954f7adb5ff5e80ce7d7d197c9865930  packages/ui/test/manage-wallet-screen.test.tsx
7be1a03a57d7d6bfcc247aefd2f3743bbd78bde31da18d7dceaa2ca9b4107ecd  packages/ui/test/message-screen.test.tsx
31b205ae541d2c63e5b80ca77ef351b89be21e993dbc62bed9ebee2aeb33126e  packages/ui/test/more-screen.test.tsx
ff2653ee50984d92359cdf90d8144bb3dbc91c473c85c9ec6bb59c2dbc407584  packages/ui/test/multisig-screen.test.tsx
412b43f5853c9d382d66dfeb046427dcf3e3eea72d4b00944b8caf38e8b02301  packages/ui/test/nav-menu.test.tsx
d3ed405cda9638cc32a1a804eb5e7f0a2c44998729da524205ebde3a9df96bb4  packages/ui/test/passphrase-screen.test.tsx
ef7c680308213a6940cc9ce9399b33d0fb124c8131e83df84168383e8e3d3cab  packages/ui/test/psbt-screen.test.tsx
037afdf504a469a8d2159afb06e1b160202cf59a9b1b8f53fd7393b6e55aaeba  packages/ui/test/qr-display.test.tsx
669d573a0cacb68dc8d8391a06e154b999ee93e55f4039980153115443de4c09  packages/ui/test/quorum-addresses-screen.test.tsx
c8337633913d6c3777dc95bf6d2a17e9cc48aff376479a0711ae385d152f6b17  packages/ui/test/receive-quorum.test.tsx
fa7ccd233b2ef3d572365c95f95b1ec92f6c289f23366d2cabfd2ab7944a2744  packages/ui/test/receive-screen.test.tsx
6787ae1e7daf52e06dcc7064d7110ac7bc0f23fd1179347dc0a79be9954ba11a  packages/ui/test/scan-screen.test.tsx
3481c9478ed7698018b302af4caf0cb50a8e1040b400f29deecfaffccc57a938  packages/ui/test/seed-check.test.tsx
bff585a156a7895daa662b460673d0fc003a640a9b620f76c1ae4fdaa396cfe5  packages/ui/test/seed-screen.test.tsx
ff38af927c525b38db630f46089d27ef28d67bae0bca6009c480d49c5015c914  packages/ui/test/start-screen.test.tsx
a2b34bfd57fbe340e0c9b4243b9d1c5bf112227ca6a7cdefb88d9d993c4ccb65  packages/ui/test/steps.test.tsx
c3fe7ca6c400da14fa22362febf98d18635b4eda1715bc6e71e648eab92dc59a  packages/ui/test/theme.test.tsx
438e50798d910f7ba0a9756652662d82896edadfc610e91fd05221a6a0200748  packages/ui/test/unlocked-screen.test.tsx
4bae45e926a733b07f7869c5ca4200478a3f897f18dd3b97867f6b48273ad807  packages/ui/test/verify-message-screen.test.tsx
3cb07fed8adf6456ec4ea262b1d7541fc4dd7ec4cf94b982fe4d3862f23df42b  packages/ui/test/wallet-screen.test.tsx
0b1ceffd945ef77ab25c7263f8c7d080c5bff394aa2697486f93c30832d771e0  packages/ui/test/wallets-screen.test.tsx
4363bc6d55867ffda17eb511afdc66494a341ee0be43ef4f00b73b453172094f  packages/ui/tsconfig.build.json
6d07e1a923cb41bb1eb9a1ee70ba410cbf4cf70fbf0cc2bf2bcf74a221ddff36  packages/ui/tsconfig.json
367a9aa22dd5b3fb410342b9cb7c7c38e4026cbbd0fcb6ca2e5dc9c035136c32  packages/ui/vite.config.ts
4b3ee820caaceb15d8e26fb76c320329b43131914f2251b14c8576d6ccd3e4c0  packages/verify/package.json
d8c982f97d791f9671638b0f26a5f4001782777d5e187f46d202694127c3727e  packages/verify/src/cli.ts
6a6f50b08274c4d97ddf3e4853cdc02809a38af2cc61f46c1d6c6ff148095260  packages/verify/src/coverage.ts
06abe0dca60024c22fc5c9153da47ba87ebfccce6136cd8119422e32c2055903  packages/verify/src/index.ts
85f729bec41dd2274dd12f33bbbc174983d4a21c305c9956d6065fec3370040c  packages/verify/src/manifest.ts
429279a7744a53d2afd0e8b95c5c0978bd7c9123ee1c28118a77c4e0998a2772  packages/verify/src/specs.ts
6d2ee46de39c7c9ce67e0406334cbba9ecf1ac636ea85877ed185b9b214962b5  packages/verify/src/tests.ts
3143fe90995f39761b3480b92058b440bab916983b54087d901a3f510e5c8634  packages/verify/src/vectors.ts
aca71288e1eab2cc44424d837b91ff5704412990d1cf7f4214a4ff7fd0a17ac5  packages/verify/tsconfig.build.json
2cfbb840e62f0ebf4a79734ea15928704d657d8f580223798576e67ba9a54212  packages/verify/tsconfig.json
b82d2c04d0adee647280dc70a696d7a7662c3594576becc3af583b8d7fc81d81  provisioning/HARDENING.md
2486e24ef5b0d82349c7f722c4061cecceee2edc725856231e5132bae15e6ccd  provisioning/README.md
12b1f02fd7a0ead681562479b46819e625ef5e3afca705380d08e6f3e957127b  provisioning/backends/rpi-image-gen/README.md
e381edab0524c4f64b83a43f270c114741d8d92c3bb78d08eceefd8cd713f445  provisioning/backends/rpi-image-gen/nullroute-signer.yaml
ea772fec31e905367d3594c4b3a24c2737026c5ec1fd8ed93326531cb25d7287  provisioning/backends/rpi-image-gen/patches/0001-pin-verity-salt.patch
59596c4aa8a133aefe53eb91cc5c8b486c10c4512ccf1475695f58f1b5fd3c69  provisioning/backends/rpi-image-gen/patches/0002-pin-ext4-hash-seed.patch
87c516565aa5b80518e3af9e2da92dfe21578db9771cc56f4c06571c488f18d9  provisioning/build/Dockerfile
3af89e6df421b1af98ffd54559b363faaa9f439bddf5f59dae921acd798ef351  provisioning/build/build-system.sh
9283f97744fd5c750e24b62f2374066528dd739082e9733a2840510052683c7c  provisioning/build/identifiers.mjs
92d547ddb04c078fc5d720bc7925bfce78e1ef010a0aa690970e2f28cf1d1168  provisioning/checks/identifiers.d.mts
e603cef9c80608900d166ab3192c09f9b549b9327ea46aac64f9d3729e9088b3  provisioning/checks/identifiers.mjs
bd0db94d6ded98fdc297acc4333e30a755b329076b4e592afc73cf8c2cc8a15e  provisioning/checks/image.d.mts
f983938150bbceedc00266a782d7407d5662d31c74334c030266577832b89494  provisioning/checks/image.mjs
c1e3189990fffd79deb8aab5d28109b7614f17e361bd470e59528712e0605a83  provisioning/checks/meta.mjs
2300005eba621542d0d6ce37b4865ce846ebe9c8c1229d2ad03046a6cbd9fa05  provisioning/checks/registry.mjs
8d1b274ea17af5be7481e2f7e45c0a3f042a0afa09af0c4ce373693ebab26f18  provisioning/checks/rootfs.mjs
f411ce5442f2a8be99d895368f6080b91b3f23aedb695a50bb3aacea2d759eec  provisioning/profiles/os-signer.yaml
fb776e4bfcd0123bcd1620d8a29ffb776c28dce455844a763a586ad58a49c031  provisioning/profiles/os-verity.yaml
9ded28c345c63e195fff33586db456c8840561d4635753714f4137cb4b0abf20  provisioning/schema.json
e096993a81f950fa2f283e714d53e4e237a180dd48b7f4405a6042449bb2d9f0  provisioning/units/nullroute-kiosk.service
ef1d518f266a7d4b3a16ced3ecd726a7888f73f270e3587740a38cee0798c6e1  provisioning/units/nullrouted.service
02827bf802933cca2a058c11a26cbd5473ee0b96a20f3a7679ff4e5ae50a02dd  spec/schema.json
05eb0497e7069b0f6cc6ea3490e063476bb7b46c8f60c9f73b73e755b87d2b1e  spec/vectors/bip32.json
95fbbdb2da28f22b67f90b353df12c5325ddd140a256ca3594ea6c66d7b01209  spec/vectors/bip380-checksum.json
fa3b937b7cff9c9b8ecd3aa011faeb8d6dd67993174b72326e83f4de8fdb30f8  spec/vectors/bip39-english.json
99647ab80c9616a30f6b3a8b71386780c20e39220a4ba33fe3ce49d00eff56e3  spec/vectors/bip84-86-addresses.json
