d12e386ecb8f5c10ca40f0f0e036ed4533acc8d97393802c92670f0ffd78ddcd  packages/core/package.json
aa159c6d977b7bca1fa57e363437a2d472833713ac056dd9547deba0b7d25384  packages/core/src/bip39/index.ts
9968477e2e5188f1ae66bf6daaccc0d3740ea8ecca46815b0f5e26577d9a7fab  packages/core/src/bip39/mnemonic.spec.yaml
682afade28ac531a8032b9ddcc93340875a0417de2c36fbb24310dfee1d752cf  packages/core/src/bip39/mnemonic.ts
859c3fd5a3b9ceae70051cfa0c1e150a360cef25b49b109cc3381803b8ed6ce3  packages/core/src/derive/derive.spec.yaml
6ac1480bb9efd2272b46dc296598ab74da7dff9ad4a7422635079266d73a2eaa  packages/core/src/derive/hd.ts
b5271d2bc7fca3249d2eb770c550b4e06fa3382cf8b4976a392a985218143326  packages/core/src/derive/index.ts
20a095766074a68c7a26bccec40d02a647c237570193ae0058b10c515a6b0e64  packages/core/src/derive/path.ts
588e3e609f875d792f4e430fd182bf05e07f19e0c5974e197fdb3be0571d79b5  packages/core/src/entropy/combine.spec.yaml
3d23a192a08849a96ddcdf52a33b0819b043757e816dec0bade52109cb3ab238  packages/core/src/entropy/combine.ts
d93c7d735456e20d74310d023623b6633fec3244d2a0d46baedf918aa6e43cfa  packages/core/src/entropy/dice.spec.yaml
4e310f2fe0462d144cb05a23f6cd93285c9d75b4c47ca14bf141537b8781ff94  packages/core/src/entropy/dice.ts
d893d628e07881f3aa50b020d631c383c940e12694a1678f148a73983673fd34  packages/core/src/entropy/index.ts
fcd1c659c1013230bb2f39c7e155bb14c318eb5b5e387deb9518a66258a0ee4f  packages/core/src/index.ts
7ef4c7c0653e764b26552c90e83495ad58993a440465dc85ac47eff174262fc6  packages/core/src/network/index.ts
c382ec86673cfbd25a35c3f33bc9a477d9d5272ee591f6f704eeaf87cf6581be  packages/core/src/network/networks.spec.yaml
9bb3814c285568f9667226026f9f51edd6878f63c5dc399e4a00ad90f9177819  packages/core/src/network/networks.ts
3829234c0fb869203dbeda660187e60f44f81097bab43af5d0b9fbbaa8bc3cb4  packages/core/src/util/secret.spec.yaml
09d9f807714749ca3b5af4dcf0098ffe7b232f3b7f9924e9253fc5ddf31b64fc  packages/core/src/util/secret.ts
6f29a99121f49fdefb8240fc2485791f1d111757d7dc6aea10ea8ff1594faea5  packages/core/test/derive.path.test.ts
0461673f9c1f91e55e04fbe1ce793125ef8ce3184c55d48ca2619e372d0e3f2b  packages/core/test/entropy.combine.test.ts
ac0ba1fb29516027633f1d32617fac86bd2bca1477f899037c9fe7935ba816b2  packages/core/test/entropy.dice.test.ts
07a64909b607ba08bd662cccf1fa43ba1307c7fbfe4de7746d4a95644c99c3c6  packages/core/test/network.test.ts
3dbf7cdf1541fe355967be0c36b0f5ebe910bfbeef5d5e6217165a2a8f7f5ca1  packages/core/test/util.secret.test.ts
cc6717ebe8383a626461de57ac777c544c0316a533f362b3ee51c0f52ea81f89  packages/core/test/vectors.bip32.test.ts
12cd727e864f01e17158e6ceccf9c5349ac15f6052a60c303e7b9c41dd1b805c  packages/core/test/vectors.bip39.test.ts
aca71288e1eab2cc44424d837b91ff5704412990d1cf7f4214a4ff7fd0a17ac5  packages/core/tsconfig.build.json
2cfbb840e62f0ebf4a79734ea15928704d657d8f580223798576e67ba9a54212  packages/core/tsconfig.json
c14d70bd88079b2f956827f7d22ad166129d75502f0bdd89f6087692de2463a7  packages/daemon/package.json
ec8ccdb0bc960fc635e69246a1a14cf8ebe4009b5fb928858ef34388b428486e  packages/daemon/src/boot/attestation.ts
66418e422eb33f9ab61dda47bc45792470eaa22e895db8335a7a4ab99e8521e7  packages/daemon/src/daemon.spec.yaml
a47179cb4a2081f39d1905ba0683955e83c2e659596cf767c66bb8a1b98d7534  packages/daemon/src/handler.ts
1c8a873c84856fb1431f0ca60a9827563a7609409be3bf8bbb03b57190615cc9  packages/daemon/src/index.ts
7e447323eb4f0ec1b8afd47979e209b52190329a606ac93d43fbd0a7004e9684  packages/daemon/src/ipc/socket.ts
db5ca2e3229eebe06677c2ed78d46f9bb720bcc83771c7ce17637176149f0d6c  packages/daemon/src/main.ts
c55f95eded058576894ac2fd6ef9bbf8cf87ed3d851aac9c5b43c1f2f0ff9de4  packages/daemon/test/ipc.test.ts
d5496938d969ec1e2094c731273fdeff3b5c10761ab73d396de32b6b60622bd0  packages/daemon/tsconfig.build.json
2cfbb840e62f0ebf4a79734ea15928704d657d8f580223798576e67ba9a54212  packages/daemon/tsconfig.json
dabb479350f414968f1e99f1411aa3a85e43fc8d2f0fc9ab6a1e9aa742f6f254  packages/ui/package.json
16e63f36d6618ee016ae15b7ec2e267db0f0d663ab0fc1876fca59b5ea21ac43  packages/ui/src/components/Hash.tsx
17dbe1d913e30196b6e7a961a74dbd898a16bac2a1024787fb52db07a7fdfe51  packages/ui/src/components/NetworkBanner.tsx
e33153002be5716fd25741ffda410ad7cb9073e8005f044c4e13c52c4f48a38b  packages/ui/src/index.ts
14848a2761528d2e22bf709cb692a17a0ae4fa2c32ebf60c8af46a9878056de6  packages/ui/src/lib/client.ts
e47006e66d18dc60100c785d137256bf8e08d141cb55d547e82fb573a5396498  packages/ui/src/screens/LockScreen.tsx
b4d25fc8750c56fb301d12c0aa5b83dc3f343723a8b949eab998ea5f0cdecfbb  packages/ui/src/ui.spec.yaml
1534b6921204c7579edfd371e7aab0c4f466b7652d9e3b12fbaeaf2782075863  packages/ui/test/lock-screen.test.tsx
9f6842d4487349ff92895b68f7a092fe5fe6c72fb5cf870855e1b3eccac4b8f6  packages/ui/tsconfig.build.json
cc475a0c27a5b14fd577dcdb1e64f87743c9639491e3d7a538ebcb005f399240  packages/ui/tsconfig.json
4b3ee820caaceb15d8e26fb76c320329b43131914f2251b14c8576d6ccd3e4c0  packages/verify/package.json
b10ce741f3c2b47918ca4aeb641623a465a7905f122cbdcf53544a7caa2ed50e  packages/verify/src/cli.ts
6a6f50b08274c4d97ddf3e4853cdc02809a38af2cc61f46c1d6c6ff148095260  packages/verify/src/coverage.ts
06abe0dca60024c22fc5c9153da47ba87ebfccce6136cd8119422e32c2055903  packages/verify/src/index.ts
85f729bec41dd2274dd12f33bbbc174983d4a21c305c9956d6065fec3370040c  packages/verify/src/manifest.ts
429279a7744a53d2afd0e8b95c5c0978bd7c9123ee1c28118a77c4e0998a2772  packages/verify/src/specs.ts
6d2ee46de39c7c9ce67e0406334cbba9ecf1ac636ea85877ed185b9b214962b5  packages/verify/src/tests.ts
3143fe90995f39761b3480b92058b440bab916983b54087d901a3f510e5c8634  packages/verify/src/vectors.ts
aca71288e1eab2cc44424d837b91ff5704412990d1cf7f4214a4ff7fd0a17ac5  packages/verify/tsconfig.build.json
2cfbb840e62f0ebf4a79734ea15928704d657d8f580223798576e67ba9a54212  packages/verify/tsconfig.json
0264b38eeb2896676afb45a31f6cd740ff64d2aae5dd55d000ebeeb6090b8ecb  provisioning/profiles/os-signer.yaml
85b63c0b96c1d6c3114508c73077f27393b24a0ab7e9d54292bc37dc8aa5f528  provisioning/profiles/os-verity.yaml
b20bd44e4b45310fdfd818ecc3b3cd725dd7547b7cff573ee2f7b72f4a948ec3  provisioning/schema.json
487b0d878cab4bbffa65aa1d4289894e91466cdfb52b0da2e314843f369c3934  spec/schema.json
05eb0497e7069b0f6cc6ea3490e063476bb7b46c8f60c9f73b73e755b87d2b1e  spec/vectors/bip32.json
fa3b937b7cff9c9b8ecd3aa011faeb8d6dd67993174b72326e83f4de8fdb30f8  spec/vectors/bip39-english.json
