ff9bf9245333ec6e52141949607bc0ab8f11eff1837fa716a28c72468b2d7fb8  packages/core/package.json
588e3e609f875d792f4e430fd182bf05e07f19e0c5974e197fdb3be0571d79b5  packages/core/src/entropy/combine.spec.yaml
3d23a192a08849a96ddcdf52a33b0819b043757e816dec0bade52109cb3ab238  packages/core/src/entropy/combine.ts
d93c7d735456e20d74310d023623b6633fec3244d2a0d46baedf918aa6e43cfa  packages/core/src/entropy/dice.spec.yaml
4e310f2fe0462d144cb05a23f6cd93285c9d75b4c47ca14bf141537b8781ff94  packages/core/src/entropy/dice.ts
d893d628e07881f3aa50b020d631c383c940e12694a1678f148a73983673fd34  packages/core/src/entropy/index.ts
ea3a806e2e21c5067ae504e433e75b55abfc9f9e63bb2380137fb0394cfffa8f  packages/core/src/index.ts
3829234c0fb869203dbeda660187e60f44f81097bab43af5d0b9fbbaa8bc3cb4  packages/core/src/util/secret.spec.yaml
09d9f807714749ca3b5af4dcf0098ffe7b232f3b7f9924e9253fc5ddf31b64fc  packages/core/src/util/secret.ts
0461673f9c1f91e55e04fbe1ce793125ef8ce3184c55d48ca2619e372d0e3f2b  packages/core/test/entropy.combine.test.ts
ac0ba1fb29516027633f1d32617fac86bd2bca1477f899037c9fe7935ba816b2  packages/core/test/entropy.dice.test.ts
3dbf7cdf1541fe355967be0c36b0f5ebe910bfbeef5d5e6217165a2a8f7f5ca1  packages/core/test/util.secret.test.ts
aca71288e1eab2cc44424d837b91ff5704412990d1cf7f4214a4ff7fd0a17ac5  packages/core/tsconfig.build.json
2cfbb840e62f0ebf4a79734ea15928704d657d8f580223798576e67ba9a54212  packages/core/tsconfig.json
4b3ee820caaceb15d8e26fb76c320329b43131914f2251b14c8576d6ccd3e4c0  packages/verify/package.json
5c53cdd18c7ab1ea82950cd0fdbe63b6e95adef232de0900899435765642754c  packages/verify/src/cli.ts
1cd3fae1c4fb1a6e3f96a6f32a6ab651026556891ee75ae871365e7a33094d5b  packages/verify/src/coverage.ts
06abe0dca60024c22fc5c9153da47ba87ebfccce6136cd8119422e32c2055903  packages/verify/src/index.ts
85f729bec41dd2274dd12f33bbbc174983d4a21c305c9956d6065fec3370040c  packages/verify/src/manifest.ts
429279a7744a53d2afd0e8b95c5c0978bd7c9123ee1c28118a77c4e0998a2772  packages/verify/src/specs.ts
6d2ee46de39c7c9ce67e0406334cbba9ecf1ac636ea85877ed185b9b214962b5  packages/verify/src/tests.ts
3143fe90995f39761b3480b92058b440bab916983b54087d901a3f510e5c8634  packages/verify/src/vectors.ts
aca71288e1eab2cc44424d837b91ff5704412990d1cf7f4214a4ff7fd0a17ac5  packages/verify/tsconfig.build.json
2cfbb840e62f0ebf4a79734ea15928704d657d8f580223798576e67ba9a54212  packages/verify/tsconfig.json
9b99ed885c71d40871729a4a3e3913fb9ed084eb1a4f5134ea21802075cd773e  spec/schema.json
